<?xml version="1.0" encoding="utf-8"?>
<Project ToolsVersion="4.0" xmlns="http://schemas.microsoft.com/developer/msbuild/2003">
  <ItemGroup>
    <Filter Include="源文件">
      <UniqueIdentifier>{4FC737F1-C7A5-4376-A066-2A32D752A2FF}</UniqueIdentifier>
      <Extensions>cpp;c;cc;cxx;def;odl;idl;hpj;bat;asm;asmx</Extensions>
    </Filter>
    <Filter Include="头文件">
      <UniqueIdentifier>{93995380-89BD-4b04-88EB-625FBE52EBFB}</UniqueIdentifier>
      <Extensions>h;hpp;hxx;hm;inl;inc;xsd</Extensions>
    </Filter>
    <Filter Include="Resourse">
      <UniqueIdentifier>{f396d58a-bd23-4ff8-b5cf-8b5d7bce7aee}</UniqueIdentifier>
    </Filter>
    <Filter Include="UI">
      <UniqueIdentifier>{49a2b416-af9c-45cc-844d-6fa8b4295ca2}</UniqueIdentifier>
    </Filter>
    <Filter Include="UI\BaseControl">
      <UniqueIdentifier>{591f32f6-be26-4b60-ade4-fa88e314c04c}</UniqueIdentifier>
    </Filter>
    <Filter Include="UI\Button">
      <UniqueIdentifier>{c5e79486-477a-428f-9e41-07e3d569f7d2}</UniqueIdentifier>
    </Filter>
    <Filter Include="UI\CheckBox">
      <UniqueIdentifier>{b99a2a28-d217-49de-bb3a-52f79aeeb7b3}</UniqueIdentifier>
    </Filter>
    <Filter Include="UI\PictureFrame">
      <UniqueIdentifier>{2f59ad1f-1b99-4ff4-9271-c1c305aa4f56}</UniqueIdentifier>
    </Filter>
    <Filter Include="UI\Text">
      <UniqueIdentifier>{ba92635b-af07-42a0-81fd-c1b5bfa35839}</UniqueIdentifier>
    </Filter>
    <Filter Include="Resourse\资源文件">
      <UniqueIdentifier>{67DA6AB6-F800-4c08-8B7A-83BB121AAD01}</UniqueIdentifier>
      <Extensions>rc;ico;cur;bmp;dlg;rc2;rct;bin;rgs;gif;jpg;jpeg;jpe;resx;tiff;tif;png;wav;mfcribbon-ms</Extensions>
    </Filter>
    <Filter Include="Network">
      <UniqueIdentifier>{9d108b24-86ee-4745-8c8d-374d58b90c00}</UniqueIdentifier>
    </Filter>
    <Filter Include="Network\协议">
      <UniqueIdentifier>{b23da55a-a1c8-4b3c-b3d8-0f24a19cb005}</UniqueIdentifier>
    </Filter>
    <Filter Include="Network\Net">
      <UniqueIdentifier>{1dc931f8-172d-4bfb-8d5d-5213607f20a7}</UniqueIdentifier>
    </Filter>
    <Filter Include="Mediator">
      <UniqueIdentifier>{a8f1d289-3645-4c39-b342-e8844ca447dc}</UniqueIdentifier>
    </Filter>
    <Filter Include="数据处理">
      <UniqueIdentifier>{dea4877d-cbeb-4a04-b2e3-9aa1c47d2a1b}</UniqueIdentifier>
    </Filter>
  </ItemGroup>
  <ItemGroup>
    <Text Include="ReadMe.txt" />
  </ItemGroup>
  <ItemGroup>
    <ClInclude Include="Register.h">
      <Filter>头文件</Filter>
    </ClInclude>
    <ClInclude Include="RegisterDlg.h">
      <Filter>头文件</Filter>
    </ClInclude>
    <ClInclude Include="stdafx.h">
      <Filter>头文件</Filter>
    </ClInclude>
    <ClInclude Include="targetver.h">
      <Filter>头文件</Filter>
    </ClInclude>
    <ClInclude Include="Resource.h">
      <Filter>头文件</Filter>
    </ClInclude>
    <ClInclude Include="Sys.h">
      <Filter>Resourse</Filter>
    </ClInclude>
    <ClInclude Include="Button\PNGButton.h">
      <Filter>UI\Button</Filter>
    </ClInclude>
    <ClInclude Include="Mediator\Mediator.h">
      <Filter>Mediator</Filter>
    </ClInclude>
    <ClInclude Include="BaseControl\BaseControl.h">
      <Filter>UI\BaseControl</Filter>
    </ClInclude>
    <ClInclude Include="Button\TextButton.h">
      <Filter>UI\Button</Filter>
    </ClInclude>
    <ClInclude Include="PictureFrame\PictureFrame.h">
      <Filter>UI\PictureFrame</Filter>
    </ClInclude>
    <ClInclude Include="Text\EditEX.h">
      <Filter>UI\Text</Filter>
    </ClInclude>
    <ClInclude Include="Text\Text.h">
      <Filter>UI\Text</Filter>
    </ClInclude>
    <ClInclude Include="CheckBox\CheckBox.h">
      <Filter>UI\CheckBox</Filter>
    </ClInclude>
    <ClInclude Include="Button\LinkButton.h">
      <Filter>UI\Button</Filter>
    </ClInclude>
    <ClInclude Include="Network\Packdef.h">
      <Filter>Network\协议</Filter>
    </ClInclude>
    <ClInclude Include="MySocket.h">
      <Filter>Network\Net</Filter>
    </ClInclude>
    <ClInclude Include="Data.h">
      <Filter>数据处理</Filter>
    </ClInclude>
  </ItemGroup>
  <ItemGroup>
    <ClCompile Include="Register.cpp">
      <Filter>源文件</Filter>
    </ClCompile>
    <ClCompile Include="RegisterDlg.cpp">
      <Filter>源文件</Filter>
    </ClCompile>
    <ClCompile Include="stdafx.cpp">
      <Filter>源文件</Filter>
    </ClCompile>
    <ClCompile Include="Sys.cpp">
      <Filter>Resourse</Filter>
    </ClCompile>
    <ClCompile Include="Button\PNGButton.cpp">
      <Filter>UI\Button</Filter>
    </ClCompile>
    <ClCompile Include="Mediator\Mediator.cpp">
      <Filter>Mediator</Filter>
    </ClCompile>
    <ClCompile Include="BaseControl\BaseControl.cpp">
      <Filter>UI\BaseControl</Filter>
    </ClCompile>
    <ClCompile Include="Button\TextButton.cpp">
      <Filter>UI\Button</Filter>
    </ClCompile>
    <ClCompile Include="PictureFrame\PictureFrame.cpp">
      <Filter>UI\PictureFrame</Filter>
    </ClCompile>
    <ClCompile Include="Text\EditEX.cpp">
      <Filter>UI\Text</Filter>
    </ClCompile>
    <ClCompile Include="Text\Text.cpp">
      <Filter>UI\Text</Filter>
    </ClCompile>
    <ClCompile Include="CheckBox\CheckBox.cpp">
      <Filter>UI\CheckBox</Filter>
    </ClCompile>
    <ClCompile Include="Button\LinkButton.cpp">
      <Filter>UI\Button</Filter>
    </ClCompile>
    <ClCompile Include="MySocket.cpp">
      <Filter>Network\Net</Filter>
    </ClCompile>
    <ClCompile Include="Data.cpp">
      <Filter>数据处理</Filter>
    </ClCompile>
  </ItemGroup>
  <ItemGroup>
    <ResourceCompile Include="Register.rc">
      <Filter>Resourse\资源文件</Filter>
    </ResourceCompile>
  </ItemGroup>
  <ItemGroup>
    <None Include="res\Register.rc2">
      <Filter>Resourse\资源文件</Filter>
    </None>
  </ItemGroup>
  <ItemGroup>
    <Image Include="res\Register.ico">
      <Filter>Resourse\资源文件</Filter>
    </Image>
    <Image Include="res\favicon.ico">
      <Filter>Resourse\资源文件</Filter>
    </Image>
    <Image Include="res\bitmap1.bmp">
      <Filter>Resourse\资源文件</Filter>
    </Image>
    <Image Include="res\9.png">
      <Filter>Resourse\资源文件</Filter>
    </Image>
    <Image Include="res\bk.bmp">
      <Filter>Resourse\资源文件</Filter>
    </Image>
    <Image Include="res\BT_CLOSE.png">
      <Filter>Resourse\资源文件</Filter>
    </Image>
    <Image Include="res\BT_DEFAULT.png">
      <Filter>Resourse\资源文件</Filter>
    </Image>
    <Image Include="res\BT_MIN.png">
      <Filter>Resourse\资源文件</Filter>
    </Image>
    <Image Include="res\CHECK_BOX.png">
      <Filter>Resourse\资源文件</Filter>
    </Image>
    <Image Include="res\EDIT.png">
      <Filter>Resourse\资源文件</Filter>
    </Image>
    <Image Include="res\head_bk.png">
      <Filter>Resourse\资源文件</Filter>
    </Image>
    <Image Include="res\mask.png">
      <Filter>Resourse\资源文件</Filter>
    </Image>
    <Image Include="res\bk.png">
      <Filter>Resourse\资源文件</Filter>
    </Image>
  </ItemGroup>
</Project>